
Microsoft Visual Studio Solution File, Format Version 12.00
# Visual Studio Version 17
VisualStudioVersion = 17.5.33530.505
MinimumVisualStudioVersion = 10.0.40219.1
Project("{9A19103F-16F7-4668-BE54-9A1E7A4F7556}") = "PMS", "PMS.csproj", "{8B9D1EC6-F9A3-4377-80DC-319968781BCF}"
EndProject
Global
	GlobalSection(SolutionConfigurationPlatforms) = preSolution
		Debug|Any CPU = Debug|Any CPU
		Release|Any CPU = Release|Any CPU
	EndGlobalSection
	GlobalSection(ProjectConfigurationPlatforms) = postSolution
		{8B9D1EC6-F9A3-4377-80DC-319968781BCF}.Debug|Any CPU.ActiveCfg = Debug|Any CPU
		{8B9D1EC6-F9A3-4377-80DC-319968781BCF}.Debug|Any CPU.Build.0 = Debug|Any CPU
		{8B9D1EC6-F9A3-4377-80DC-319968781BCF}.Release|Any CPU.ActiveCfg = Release|Any CPU
		{8B9D1EC6-F9A3-4377-80DC-319968781BCF}.Release|Any CPU.Build.0 = Release|Any CPU
	EndGlobalSection
	GlobalSection(SolutionProperties) = preSolution
		HideSolutionNode = FALSE
	EndGlobalSection
	GlobalSection(ExtensibilityGlobals) = postSolution
		SolutionGuid = {6B5341CD-9318-48CB-A8D9-065FE02060BB}
	EndGlobalSection
EndGlobal
